
Microsoft Visual Studio Solution File, Format Version 12.00
# Visual Studio Version 17
VisualStudioVersion = 17.7.34202.233
MinimumVisualStudioVersion = 10.0.40219.1
Project("{FAE04EC0-301F-11D3-BF4B-00C04F79EFBC}") = "Logic", "Logic\Logic.csproj", "{26D8F3E5-8C55-4BBD-BE22-B0A8740DB7C1}"
EndProject
Project("{FAE04EC0-301F-11D3-BF4B-00C04F79EFBC}") = "Data", "Data\Data.csproj", "{7CE6219E-6B4E-42C8-8745-16A50D0C1A78}"
EndProject
Project("{FAE04EC0-301F-11D3-BF4B-00C04F79EFBC}") = "Common", "Common\Common.csproj", "{8F424810-1E19-4579-AFA7-2FB6D61DEA0A}"
EndProject
Project("{FAE04EC0-301F-11D3-BF4B-00C04F79EFBC}") = "Presentation.WPF", "Presentation.WPF\Presentation.WPF.csproj", "{211A3109-64CB-4A61-9E0A-90D7D54DCFBF}"
EndProject
Project("{FAE04EC0-301F-11D3-BF4B-00C04F79EFBC}") = "PresentationLogic", "PresentationLogic\PresentationLogic.csproj", "{D366A051-BC4D-487F-91A5-B3E8B3504676}"
EndProject
Project("{FAE04EC0-301F-11D3-BF4B-00C04F79EFBC}") = "Tests", "Tests\Tests.csproj", "{DAAB461E-EB1C-451D-8154-7CC8F4072EA0}"
EndProject
Project("{FAE04EC0-301F-11D3-BF4B-00C04F79EFBC}") = "PuzzleXmlToJson", "Tools\PuzzleXmlToJson\PuzzleXmlToJson.csproj", "{C1A2B3D4-E5F6-7890-AB12-CD34EF56789A}"
EndProject
Project("{2150E333-8FDC-42A3-9474-1A3956D46DE8}") = "Tools", "Tools", "{07C2787E-EAC7-C090-1BA3-A61EC2A24D84}"
EndProject
Project("{FAE04EC0-301F-11D3-BF4B-00C04F79EFBC}") = "PuzzleLibraryMigrate", "Tools\PuzzleLibraryMigrate\PuzzleLibraryMigrate.csproj", "{516EDEC9-DF6D-4756-A592-F48FBDC3809C}"
EndProject
Global
	GlobalSection(SolutionConfigurationPlatforms) = preSolution
		Debug|Any CPU = Debug|Any CPU
		Debug|x64 = Debug|x64
		Debug|x86 = Debug|x86
		Release with Code Analysis|Any CPU = Release with Code Analysis|Any CPU
		Release with Code Analysis|x64 = Release with Code Analysis|x64
		Release with Code Analysis|x86 = Release with Code Analysis|x86
		Release|Any CPU = Release|Any CPU
		Release|x64 = Release|x64
		Release|x86 = Release|x86
	EndGlobalSection
	GlobalSection(ProjectConfigurationPlatforms) = postSolution
		{26D8F3E5-8C55-4BBD-BE22-B0A8740DB7C1}.Debug|Any CPU.ActiveCfg = Debug|Any CPU
		{26D8F3E5-8C55-4BBD-BE22-B0A8740DB7C1}.Debug|Any CPU.Build.0 = Debug|Any CPU
		{26D8F3E5-8C55-4BBD-BE22-B0A8740DB7C1}.Debug|x64.ActiveCfg = Debug|Any CPU
		{26D8F3E5-8C55-4BBD-BE22-B0A8740DB7C1}.Debug|x64.Build.0 = Debug|Any CPU
		{26D8F3E5-8C55-4BBD-BE22-B0A8740DB7C1}.Debug|x86.ActiveCfg = Debug|Any CPU
		{26D8F3E5-8C55-4BBD-BE22-B0A8740DB7C1}.Debug|x86.Build.0 = Debug|Any CPU
		{26D8F3E5-8C55-4BBD-BE22-B0A8740DB7C1}.Release with Code Analysis|Any CPU.ActiveCfg = Release|Any CPU
		{26D8F3E5-8C55-4BBD-BE22-B0A8740DB7C1}.Release with Code Analysis|Any CPU.Build.0 = Release|Any CPU
		{26D8F3E5-8C55-4BBD-BE22-B0A8740DB7C1}.Release with Code Analysis|x64.ActiveCfg = Release with Code Analysis|Any CPU
		{26D8F3E5-8C55-4BBD-BE22-B0A8740DB7C1}.Release with Code Analysis|x64.Build.0 = Release with Code Analysis|Any CPU
		{26D8F3E5-8C55-4BBD-BE22-B0A8740DB7C1}.Release with Code Analysis|x86.ActiveCfg = Release with Code Analysis|Any CPU
		{26D8F3E5-8C55-4BBD-BE22-B0A8740DB7C1}.Release with Code Analysis|x86.Build.0 = Release with Code Analysis|Any CPU
		{26D8F3E5-8C55-4BBD-BE22-B0A8740DB7C1}.Release|Any CPU.ActiveCfg = Release|Any CPU
		{26D8F3E5-8C55-4BBD-BE22-B0A8740DB7C1}.Release|Any CPU.Build.0 = Release|Any CPU
		{26D8F3E5-8C55-4BBD-BE22-B0A8740DB7C1}.Release|x64.ActiveCfg = Release|Any CPU
		{26D8F3E5-8C55-4BBD-BE22-B0A8740DB7C1}.Release|x64.Build.0 = Release|Any CPU
		{26D8F3E5-8C55-4BBD-BE22-B0A8740DB7C1}.Release|x86.ActiveCfg = Release|Any CPU
		{26D8F3E5-8C55-4BBD-BE22-B0A8740DB7C1}.Release|x86.Build.0 = Release|Any CPU
		{7CE6219E-6B4E-42C8-8745-16A50D0C1A78}.Debug|Any CPU.ActiveCfg = Debug|Any CPU
		{7CE6219E-6B4E-42C8-8745-16A50D0C1A78}.Debug|Any CPU.Build.0 = Debug|Any CPU
		{7CE6219E-6B4E-42C8-8745-16A50D0C1A78}.Debug|x64.ActiveCfg = Debug|Any CPU
		{7CE6219E-6B4E-42C8-8745-16A50D0C1A78}.Debug|x64.Build.0 = Debug|Any CPU
		{7CE6219E-6B4E-42C8-8745-16A50D0C1A78}.Debug|x86.ActiveCfg = Debug|Any CPU
		{7CE6219E-6B4E-42C8-8745-16A50D0C1A78}.Debug|x86.Build.0 = Debug|Any CPU
		{7CE6219E-6B4E-42C8-8745-16A50D0C1A78}.Release with Code Analysis|Any CPU.ActiveCfg = Release|Any CPU
		{7CE6219E-6B4E-42C8-8745-16A50D0C1A78}.Release with Code Analysis|Any CPU.Build.0 = Release|Any CPU
		{7CE6219E-6B4E-42C8-8745-16A50D0C1A78}.Release with Code Analysis|x64.ActiveCfg = Release with Code Analysis|Any CPU
		{7CE6219E-6B4E-42C8-8745-16A50D0C1A78}.Release with Code Analysis|x64.Build.0 = Release with Code Analysis|Any CPU
		{7CE6219E-6B4E-42C8-8745-16A50D0C1A78}.Release with Code Analysis|x86.ActiveCfg = Release with Code Analysis|Any CPU
		{7CE6219E-6B4E-42C8-8745-16A50D0C1A78}.Release with Code Analysis|x86.Build.0 = Release with Code Analysis|Any CPU
		{7CE6219E-6B4E-42C8-8745-16A50D0C1A78}.Release|Any CPU.ActiveCfg = Release|Any CPU
		{7CE6219E-6B4E-42C8-8745-16A50D0C1A78}.Release|Any CPU.Build.0 = Release|Any CPU
		{7CE6219E-6B4E-42C8-8745-16A50D0C1A78}.Release|x64.ActiveCfg = Release|Any CPU
		{7CE6219E-6B4E-42C8-8745-16A50D0C1A78}.Release|x64.Build.0 = Release|Any CPU
		{7CE6219E-6B4E-42C8-8745-16A50D0C1A78}.Release|x86.ActiveCfg = Release|Any CPU
		{7CE6219E-6B4E-42C8-8745-16A50D0C1A78}.Release|x86.Build.0 = Release|Any CPU
		{8F424810-1E19-4579-AFA7-2FB6D61DEA0A}.Debug|Any CPU.ActiveCfg = Debug|Any CPU
		{8F424810-1E19-4579-AFA7-2FB6D61DEA0A}.Debug|Any CPU.Build.0 = Debug|Any CPU
		{8F424810-1E19-4579-AFA7-2FB6D61DEA0A}.Debug|x64.ActiveCfg = Debug|Any CPU
		{8F424810-1E19-4579-AFA7-2FB6D61DEA0A}.Debug|x64.Build.0 = Debug|Any CPU
		{8F424810-1E19-4579-AFA7-2FB6D61DEA0A}.Debug|x86.ActiveCfg = Debug|Any CPU
		{8F424810-1E19-4579-AFA7-2FB6D61DEA0A}.Debug|x86.Build.0 = Debug|Any CPU
		{8F424810-1E19-4579-AFA7-2FB6D61DEA0A}.Release with Code Analysis|Any CPU.ActiveCfg = Release|Any CPU
		{8F424810-1E19-4579-AFA7-2FB6D61DEA0A}.Release with Code Analysis|Any CPU.Build.0 = Release|Any CPU
		{8F424810-1E19-4579-AFA7-2FB6D61DEA0A}.Release with Code Analysis|x64.ActiveCfg = Release with Code Analysis|Any CPU
		{8F424810-1E19-4579-AFA7-2FB6D61DEA0A}.Release with Code Analysis|x64.Build.0 = Release with Code Analysis|Any CPU
		{8F424810-1E19-4579-AFA7-2FB6D61DEA0A}.Release with Code Analysis|x86.ActiveCfg = Release with Code Analysis|Any CPU
		{8F424810-1E19-4579-AFA7-2FB6D61DEA0A}.Release with Code Analysis|x86.Build.0 = Release with Code Analysis|Any CPU
		{8F424810-1E19-4579-AFA7-2FB6D61DEA0A}.Release|Any CPU.ActiveCfg = Release|Any CPU
		{8F424810-1E19-4579-AFA7-2FB6D61DEA0A}.Release|Any CPU.Build.0 = Release|Any CPU
		{8F424810-1E19-4579-AFA7-2FB6D61DEA0A}.Release|x64.ActiveCfg = Release|Any CPU
		{8F424810-1E19-4579-AFA7-2FB6D61DEA0A}.Release|x64.Build.0 = Release|Any CPU
		{8F424810-1E19-4579-AFA7-2FB6D61DEA0A}.Release|x86.ActiveCfg = Release|Any CPU
		{8F424810-1E19-4579-AFA7-2FB6D61DEA0A}.Release|x86.Build.0 = Release|Any CPU
		{211A3109-64CB-4A61-9E0A-90D7D54DCFBF}.Debug|Any CPU.ActiveCfg = Debug|Any CPU
		{211A3109-64CB-4A61-9E0A-90D7D54DCFBF}.Debug|Any CPU.Build.0 = Debug|Any CPU
		{211A3109-64CB-4A61-9E0A-90D7D54DCFBF}.Debug|x64.ActiveCfg = Debug|Any CPU
		{211A3109-64CB-4A61-9E0A-90D7D54DCFBF}.Debug|x64.Build.0 = Debug|Any CPU
		{211A3109-64CB-4A61-9E0A-90D7D54DCFBF}.Debug|x86.ActiveCfg = Debug|Any CPU
		{211A3109-64CB-4A61-9E0A-90D7D54DCFBF}.Debug|x86.Build.0 = Debug|Any CPU
		{211A3109-64CB-4A61-9E0A-90D7D54DCFBF}.Release with Code Analysis|Any CPU.ActiveCfg = Release|Any CPU
		{211A3109-64CB-4A61-9E0A-90D7D54DCFBF}.Release with Code Analysis|Any CPU.Build.0 = Release|Any CPU
		{211A3109-64CB-4A61-9E0A-90D7D54DCFBF}.Release with Code Analysis|x64.ActiveCfg = Release with Code Analysis|Any CPU
		{211A3109-64CB-4A61-9E0A-90D7D54DCFBF}.Release with Code Analysis|x64.Build.0 = Release with Code Analysis|Any CPU
		{211A3109-64CB-4A61-9E0A-90D7D54DCFBF}.Release with Code Analysis|x86.ActiveCfg = Release with Code Analysis|Any CPU
		{211A3109-64CB-4A61-9E0A-90D7D54DCFBF}.Release with Code Analysis|x86.Build.0 = Release with Code Analysis|Any CPU
		{211A3109-64CB-4A61-9E0A-90D7D54DCFBF}.Release|Any CPU.ActiveCfg = Release|Any CPU
		{211A3109-64CB-4A61-9E0A-90D7D54DCFBF}.Release|Any CPU.Build.0 = Release|Any CPU
		{211A3109-64CB-4A61-9E0A-90D7D54DCFBF}.Release|x64.ActiveCfg = Release|Any CPU
		{211A3109-64CB-4A61-9E0A-90D7D54DCFBF}.Release|x64.Build.0 = Release|Any CPU
		{211A3109-64CB-4A61-9E0A-90D7D54DCFBF}.Release|x86.ActiveCfg = Release|Any CPU
		{211A3109-64CB-4A61-9E0A-90D7D54DCFBF}.Release|x86.Build.0 = Release|Any CPU
		{D366A051-BC4D-487F-91A5-B3E8B3504676}.Debug|Any CPU.ActiveCfg = Debug|Any CPU
		{D366A051-BC4D-487F-91A5-B3E8B3504676}.Debug|Any CPU.Build.0 = Debug|Any CPU
		{D366A051-BC4D-487F-91A5-B3E8B3504676}.Debug|x64.ActiveCfg = Debug|Any CPU
		{D366A051-BC4D-487F-91A5-B3E8B3504676}.Debug|x64.Build.0 = Debug|Any CPU
		{D366A051-BC4D-487F-91A5-B3E8B3504676}.Debug|x86.ActiveCfg = Debug|Any CPU
		{D366A051-BC4D-487F-91A5-B3E8B3504676}.Debug|x86.Build.0 = Debug|Any CPU
		{D366A051-BC4D-487F-91A5-B3E8B3504676}.Release with Code Analysis|Any CPU.ActiveCfg = Release|Any CPU
		{D366A051-BC4D-487F-91A5-B3E8B3504676}.Release with Code Analysis|Any CPU.Build.0 = Release|Any CPU
		{D366A051-BC4D-487F-91A5-B3E8B3504676}.Release with Code Analysis|x64.ActiveCfg = Release with Code Analysis|Any CPU
		{D366A051-BC4D-487F-91A5-B3E8B3504676}.Release with Code Analysis|x64.Build.0 = Release with Code Analysis|Any CPU
		{D366A051-BC4D-487F-91A5-B3E8B3504676}.Release with Code Analysis|x86.ActiveCfg = Release with Code Analysis|Any CPU
		{D366A051-BC4D-487F-91A5-B3E8B3504676}.Release with Code Analysis|x86.Build.0 = Release with Code Analysis|Any CPU
		{D366A051-BC4D-487F-91A5-B3E8B3504676}.Release|Any CPU.ActiveCfg = Release|Any CPU
		{D366A051-BC4D-487F-91A5-B3E8B3504676}.Release|Any CPU.Build.0 = Release|Any CPU
		{D366A051-BC4D-487F-91A5-B3E8B3504676}.Release|x64.ActiveCfg = Release|Any CPU
		{D366A051-BC4D-487F-91A5-B3E8B3504676}.Release|x64.Build.0 = Release|Any CPU
		{D366A051-BC4D-487F-91A5-B3E8B3504676}.Release|x86.ActiveCfg = Release|Any CPU
		{D366A051-BC4D-487F-91A5-B3E8B3504676}.Release|x86.Build.0 = Release|Any CPU
		{DAAB461E-EB1C-451D-8154-7CC8F4072EA0}.Debug|Any CPU.ActiveCfg = Debug|Any CPU
		{DAAB461E-EB1C-451D-8154-7CC8F4072EA0}.Debug|Any CPU.Build.0 = Debug|Any CPU
		{DAAB461E-EB1C-451D-8154-7CC8F4072EA0}.Debug|x64.ActiveCfg = Debug|Any CPU
		{DAAB461E-EB1C-451D-8154-7CC8F4072EA0}.Debug|x64.Build.0 = Debug|Any CPU
		{DAAB461E-EB1C-451D-8154-7CC8F4072EA0}.Debug|x86.ActiveCfg = Debug|Any CPU
		{DAAB461E-EB1C-451D-8154-7CC8F4072EA0}.Debug|x86.Build.0 = Debug|Any CPU
		{DAAB461E-EB1C-451D-8154-7CC8F4072EA0}.Release with Code Analysis|Any CPU.ActiveCfg = Debug|Any CPU
		{DAAB461E-EB1C-451D-8154-7CC8F4072EA0}.Release with Code Analysis|Any CPU.Build.0 = Debug|Any CPU
		{DAAB461E-EB1C-451D-8154-7CC8F4072EA0}.Release with Code Analysis|x64.ActiveCfg = Debug|Any CPU
		{DAAB461E-EB1C-451D-8154-7CC8F4072EA0}.Release with Code Analysis|x64.Build.0 = Debug|Any CPU
		{DAAB461E-EB1C-451D-8154-7CC8F4072EA0}.Release with Code Analysis|x86.ActiveCfg = Debug|Any CPU
		{DAAB461E-EB1C-451D-8154-7CC8F4072EA0}.Release with Code Analysis|x86.Build.0 = Debug|Any CPU
		{DAAB461E-EB1C-451D-8154-7CC8F4072EA0}.Release|Any CPU.ActiveCfg = Release|Any CPU
		{DAAB461E-EB1C-451D-8154-7CC8F4072EA0}.Release|Any CPU.Build.0 = Release|Any CPU
		{DAAB461E-EB1C-451D-8154-7CC8F4072EA0}.Release|x64.ActiveCfg = Release|Any CPU
		{DAAB461E-EB1C-451D-8154-7CC8F4072EA0}.Release|x64.Build.0 = Release|Any CPU
		{DAAB461E-EB1C-451D-8154-7CC8F4072EA0}.Release|x86.ActiveCfg = Release|Any CPU
		{DAAB461E-EB1C-451D-8154-7CC8F4072EA0}.Release|x86.Build.0 = Release|Any CPU
		{C1A2B3D4-E5F6-7890-AB12-CD34EF56789A}.Debug|Any CPU.ActiveCfg = Debug|Any CPU
		{C1A2B3D4-E5F6-7890-AB12-CD34EF56789A}.Debug|Any CPU.Build.0 = Debug|Any CPU
		{C1A2B3D4-E5F6-7890-AB12-CD34EF56789A}.Release|Any CPU.ActiveCfg = Release|Any CPU
		{C1A2B3D4-E5F6-7890-AB12-CD34EF56789A}.Release|Any CPU.Build.0 = Release|Any CPU
		{516EDEC9-DF6D-4756-A592-F48FBDC3809C}.Debug|Any CPU.ActiveCfg = Debug|Any CPU
		{516EDEC9-DF6D-4756-A592-F48FBDC3809C}.Debug|Any CPU.Build.0 = Debug|Any CPU
		{516EDEC9-DF6D-4756-A592-F48FBDC3809C}.Debug|x64.ActiveCfg = Debug|Any CPU
		{516EDEC9-DF6D-4756-A592-F48FBDC3809C}.Debug|x64.Build.0 = Debug|Any CPU
		{516EDEC9-DF6D-4756-A592-F48FBDC3809C}.Debug|x86.ActiveCfg = Debug|Any CPU
		{516EDEC9-DF6D-4756-A592-F48FBDC3809C}.Debug|x86.Build.0 = Debug|Any CPU
		{516EDEC9-DF6D-4756-A592-F48FBDC3809C}.Release with Code Analysis|Any CPU.ActiveCfg = Debug|Any CPU
		{516EDEC9-DF6D-4756-A592-F48FBDC3809C}.Release with Code Analysis|Any CPU.Build.0 = Debug|Any CPU
		{516EDEC9-DF6D-4756-A592-F48FBDC3809C}.Release with Code Analysis|x64.ActiveCfg = Debug|Any CPU
		{516EDEC9-DF6D-4756-A592-F48FBDC3809C}.Release with Code Analysis|x64.Build.0 = Debug|Any CPU
		{516EDEC9-DF6D-4756-A592-F48FBDC3809C}.Release with Code Analysis|x86.ActiveCfg = Debug|Any CPU
		{516EDEC9-DF6D-4756-A592-F48FBDC3809C}.Release with Code Analysis|x86.Build.0 = Debug|Any CPU
		{516EDEC9-DF6D-4756-A592-F48FBDC3809C}.Release|Any CPU.ActiveCfg = Release|Any CPU
		{516EDEC9-DF6D-4756-A592-F48FBDC3809C}.Release|Any CPU.Build.0 = Release|Any CPU
		{516EDEC9-DF6D-4756-A592-F48FBDC3809C}.Release|x64.ActiveCfg = Release|Any CPU
		{516EDEC9-DF6D-4756-A592-F48FBDC3809C}.Release|x64.Build.0 = Release|Any CPU
		{516EDEC9-DF6D-4756-A592-F48FBDC3809C}.Release|x86.ActiveCfg = Release|Any CPU
		{516EDEC9-DF6D-4756-A592-F48FBDC3809C}.Release|x86.Build.0 = Release|Any CPU
	EndGlobalSection
	GlobalSection(SolutionProperties) = preSolution
		HideSolutionNode = FALSE
	EndGlobalSection
	GlobalSection(NestedProjects) = preSolution
		{516EDEC9-DF6D-4756-A592-F48FBDC3809C} = {07C2787E-EAC7-C090-1BA3-A61EC2A24D84}
	EndGlobalSection
	GlobalSection(ExtensibilityGlobals) = postSolution
		SolutionGuid = {5C45C61B-7AEA-4BB6-92B5-6CAC35685708}
	EndGlobalSection
EndGlobal
